
Microsoft Visual Studio Solution File, Format Version 12.00
# Visual Studio Version 17
VisualStudioVersion = 17.5.33424.131
MinimumVisualStudioVersion = 10.0.40219.1
Project("{FAE04EC0-301F-11D3-BF4B-00C04F79EFBC}") = "ProgramaMultiplos", "ProgramaMultiplos\ProgramaMultiplos.csproj", "{51E70396-6AE8-4024-A629-1BC8441B798F}"
EndProject
Global
	GlobalSection(SolutionConfigurationPlatforms) = preSolution
		Debug|Any CPU = Debug|Any CPU
		Release|Any CPU = Release|Any CPU
	EndGlobalSection
	GlobalSection(ProjectConfigurationPlatforms) = postSolution
		{51E70396-6AE8-4024-A629-1BC8441B798F}.Debug|Any CPU.ActiveCfg = Debug|Any CPU
		{51E70396-6AE8-4024-A629-1BC8441B798F}.Debug|Any CPU.Build.0 = Debug|Any CPU
		{51E70396-6AE8-4024-A629-1BC8441B798F}.Release|Any CPU.ActiveCfg = Release|Any CPU
		{51E70396-6AE8-4024-A629-1BC8441B798F}.Release|Any CPU.Build.0 = Release|Any CPU
	EndGlobalSection
	GlobalSection(SolutionProperties) = preSolution
		HideSolutionNode = FALSE
	EndGlobalSection
	GlobalSection(ExtensibilityGlobals) = postSolution
		SolutionGuid = {78022C3A-855A-4920-9D72-D2FFA4ADF082}
	EndGlobalSection
EndGlobal
