
Microsoft Visual Studio Solution File, Format Version 12.00
# Visual Studio Version 17
VisualStudioVersion = 17.5.33424.131
MinimumVisualStudioVersion = 10.0.40219.1
Project("{FAE04EC0-301F-11D3-BF4B-00C04F79EFBC}") = "Media de valores (For)", "Media de valores (For)\Media de valores (For).csproj", "{F3D9D6AC-E6D9-4625-84DA-07FDC43BD39B}"
EndProject
Global
	GlobalSection(SolutionConfigurationPlatforms) = preSolution
		Debug|Any CPU = Debug|Any CPU
		Release|Any CPU = Release|Any CPU
	EndGlobalSection
	GlobalSection(ProjectConfigurationPlatforms) = postSolution
		{F3D9D6AC-E6D9-4625-84DA-07FDC43BD39B}.Debug|Any CPU.ActiveCfg = Debug|Any CPU
		{F3D9D6AC-E6D9-4625-84DA-07FDC43BD39B}.Debug|Any CPU.Build.0 = Debug|Any CPU
		{F3D9D6AC-E6D9-4625-84DA-07FDC43BD39B}.Release|Any CPU.ActiveCfg = Release|Any CPU
		{F3D9D6AC-E6D9-4625-84DA-07FDC43BD39B}.Release|Any CPU.Build.0 = Release|Any CPU
	EndGlobalSection
	GlobalSection(SolutionProperties) = preSolution
		HideSolutionNode = FALSE
	EndGlobalSection
	GlobalSection(ExtensibilityGlobals) = postSolution
		SolutionGuid = {F9F38927-7909-4688-A650-BE854C1F2152}
	EndGlobalSection
EndGlobal
